<?xml version="1.0" encoding="utf-8"?>
<Project ToolsVersion="4.0" xmlns="http://schemas.microsoft.com/developer/msbuild/2003">
  <ItemGroup>
    <Filter Include="Source Files">
      <UniqueIdentifier>{4FC737F1-C7A5-4376-A066-2A32D752A2FF}</UniqueIdentifier>
      <Extensions>cpp;c;cc;cxx;def;odl;idl;hpj;bat;asm;asmx</Extensions>
    </Filter>
    <Filter Include="Header Files">
      <UniqueIdentifier>{93995380-89BD-4b04-88EB-625FBE52EBFB}</UniqueIdentifier>
      <Extensions>h;hh;hpp;hxx;hm;inl;inc;xsd</Extensions>
    </Filter>
    <Filter Include="Resource Files">
      <UniqueIdentifier>{67DA6AB6-F800-4c08-8B7A-83BB121AAD01}</UniqueIdentifier>
      <Extensions>rc;ico;cur;bmp;dlg;rc2;rct;bin;rgs;gif;jpg;jpeg;jpe;resx;tiff;tif;png;wav;mfcribbon-ms</Extensions>
    </Filter>
    <Filter Include="Header Files\GameStates">
      <UniqueIdentifier>{d10703f4-4b9b-4572-8271-15a0861817ef}</UniqueIdentifier>
    </Filter>
    <Filter Include="Source Files\GameStates">
      <UniqueIdentifier>{7dc408c6-45db-428e-ba15-a9291c2286f0}</UniqueIdentifier>
    </Filter>
    <Filter Include="Header Files\Gameplay">
      <UniqueIdentifier>{4145770a-9d42-43d4-b59d-3e0e8e929dbd}</UniqueIdentifier>
    </Filter>
    <Filter Include="Source Files\Gameplay">
      <UniqueIdentifier>{95c3a6ac-eabd-4fd8-8cb2-d5a0de47ee21}</UniqueIdentifier>
    </Filter>
    <Filter Include="Header Files\Gameplay\Pawns">
      <UniqueIdentifier>{c8f966ea-19e0-4a3a-b859-58919a584e1d}</UniqueIdentifier>
    </Filter>
    <Filter Include="Source Files\Gameplay\Pawns">
      <UniqueIdentifier>{c1b34160-799e-4eb3-9166-ce5e44839591}</UniqueIdentifier>
    </Filter>
    <Filter Include="Header Files\Gameplay\Controllers">
      <UniqueIdentifier>{5ae80225-e108-4cd1-802d-d809f390e263}</UniqueIdentifier>
    </Filter>
    <Filter Include="Source Files\Gameplay\Controllers">
      <UniqueIdentifier>{80bd77fd-8d20-415e-99e2-82e8de261f60}</UniqueIdentifier>
    </Filter>
  </ItemGroup>
  <ItemGroup>
    <ClCompile Include="Main.cpp">
      <Filter>Source Files</Filter>
    </ClCompile>
    <ClCompile Include="Game.cpp">
      <Filter>Source Files</Filter>
    </ClCompile>
    <ClCompile Include="GameOverState.cpp">
      <Filter>Source Files\GameStates</Filter>
    </ClCompile>
    <ClCompile Include="GameState.cpp">
      <Filter>Source Files\GameStates</Filter>
    </ClCompile>
    <ClCompile Include="LevelTransistionState.cpp">
      <Filter>Source Files\GameStates</Filter>
    </ClCompile>
    <ClCompile Include="MenuState.cpp">
      <Filter>Source Files\GameStates</Filter>
    </ClCompile>
    <ClCompile Include="PlayingState.cpp">
      <Filter>Source Files\GameStates</Filter>
    </ClCompile>
    <ClCompile Include="GridBlock.cpp">
      <Filter>Source Files\Gameplay</Filter>
    </ClCompile>
    <ClCompile Include="Pawn.cpp">
      <Filter>Source Files\Gameplay\Pawns</Filter>
    </ClCompile>
    <ClCompile Include="HeroPawn.cpp">
      <Filter>Source Files\Gameplay\Pawns</Filter>
    </ClCompile>
    <ClCompile Include="AIPawn.cpp">
      <Filter>Source Files\Gameplay\Pawns</Filter>
    </ClCompile>
    <ClCompile Include="Controller.cpp">
      <Filter>Source Files\Gameplay\Controllers</Filter>
    </ClCompile>
    <ClCompile Include="AIController.cpp">
      <Filter>Source Files\Gameplay\Controllers</Filter>
    </ClCompile>
    <ClCompile Include="HeroController.cpp">
      <Filter>Source Files\Gameplay\Controllers</Filter>
    </ClCompile>
  </ItemGroup>
  <ItemGroup>
    <ClInclude Include="Game.h">
      <Filter>Header Files</Filter>
    </ClInclude>
    <ClInclude Include="GameOverState.h">
      <Filter>Header Files\GameStates</Filter>
    </ClInclude>
    <ClInclude Include="GameState.h">
      <Filter>Header Files\GameStates</Filter>
    </ClInclude>
    <ClInclude Include="LevelTransistionState.h">
      <Filter>Header Files\GameStates</Filter>
    </ClInclude>
    <ClInclude Include="MenuState.h">
      <Filter>Header Files\GameStates</Filter>
    </ClInclude>
    <ClInclude Include="PlayingState.h">
      <Filter>Header Files\GameStates</Filter>
    </ClInclude>
    <ClInclude Include="GameStates.h">
      <Filter>Header Files\GameStates</Filter>
    </ClInclude>
    <ClInclude Include="GridBlock.h">
      <Filter>Header Files\Gameplay</Filter>
    </ClInclude>
    <ClInclude Include="Pawn.h">
      <Filter>Header Files\Gameplay\Pawns</Filter>
    </ClInclude>
    <ClInclude Include="HeroPawn.h">
      <Filter>Header Files\Gameplay\Pawns</Filter>
    </ClInclude>
    <ClInclude Include="AIPawn.h">
      <Filter>Header Files\Gameplay\Pawns</Filter>
    </ClInclude>
    <ClInclude Include="AIController.h">
      <Filter>Header Files\Gameplay\Controllers</Filter>
    </ClInclude>
    <ClInclude Include="Controller.h">
      <Filter>Header Files\Gameplay\Controllers</Filter>
    </ClInclude>
    <ClInclude Include="HeroController.h">
      <Filter>Header Files\Gameplay\Controllers</Filter>
    </ClInclude>
    <ClInclude Include="GameProperties.h">
      <Filter>Header Files</Filter>
    </ClInclude>
  </ItemGroup>
</Project>